
Microsoft Visual Studio Solution File, Format Version 12.00
# Visual Studio 2015
Project("{FAE04EC0-301F-11D3-BF4B-00C04F79EFBC}") = "Praecapatus_5.4.1.CSharp", "Praecapatus_5.4.1.CSharp.csproj", "{8C1B4F16-EC32-D954-2D60-03FCD4494B5E}"
EndProject
Project("{FAE04EC0-301F-11D3-BF4B-00C04F79EFBC}") = "Praecapatus_5.4.1.CSharp.Editor", "Praecapatus_5.4.1.CSharp.Editor.csproj", "{405643CC-391A-3D4D-869F-362258913A11}"
EndProject
Global
	GlobalSection(SolutionConfigurationPlatforms) = preSolution
		Debug|Any CPU = Debug|Any CPU
		Release|Any CPU = Release|Any CPU
	EndGlobalSection
	GlobalSection(ProjectConfigurationPlatforms) = postSolution
		{8C1B4F16-EC32-D954-2D60-03FCD4494B5E}.Debug|Any CPU.ActiveCfg = Debug|Any CPU
		{8C1B4F16-EC32-D954-2D60-03FCD4494B5E}.Debug|Any CPU.Build.0 = Debug|Any CPU
		{8C1B4F16-EC32-D954-2D60-03FCD4494B5E}.Release|Any CPU.ActiveCfg = Release|Any CPU
		{8C1B4F16-EC32-D954-2D60-03FCD4494B5E}.Release|Any CPU.Build.0 = Release|Any CPU
		{405643CC-391A-3D4D-869F-362258913A11}.Debug|Any CPU.ActiveCfg = Debug|Any CPU
		{405643CC-391A-3D4D-869F-362258913A11}.Debug|Any CPU.Build.0 = Debug|Any CPU
		{405643CC-391A-3D4D-869F-362258913A11}.Release|Any CPU.ActiveCfg = Release|Any CPU
		{405643CC-391A-3D4D-869F-362258913A11}.Release|Any CPU.Build.0 = Release|Any CPU
	EndGlobalSection
	GlobalSection(SolutionProperties) = preSolution
		HideSolutionNode = FALSE
	EndGlobalSection
EndGlobal
